
Microsoft Visual Studio Solution File, Format Version 12.00
# Visual Studio Version 17
VisualStudioVersion = 17.5.002.0
MinimumVisualStudioVersion = 10.0.40219.1
Project("{9A19103F-16F7-4668-BE54-9A1E7A4F7556}") = "DemoMvc", "DemoMvc\DemoMvc.csproj", "{F18E65C6-76A0-4451-B3A2-81D4F5F091D9}"
EndProject
Project("{2150E333-8FDC-42A3-9474-1A3956D46DE8}") = "CSS", "CSS", "{1DF7518B-3082-4D3F-88FC-2C2A60646AAF}"
EndProject
Project("{9A19103F-16F7-4668-BE54-9A1E7A4F7556}") = "DemoMVC", "CSS\DemoMVC\DemoMVC.csproj", "{54EF1E48-BCC8-4EAA-95AE-946FA4DB293F}"
EndProject
Global
	GlobalSection(SolutionConfigurationPlatforms) = preSolution
		Debug|Any CPU = Debug|Any CPU
		Release|Any CPU = Release|Any CPU
	EndGlobalSection
	GlobalSection(ProjectConfigurationPlatforms) = postSolution
		{F18E65C6-76A0-4451-B3A2-81D4F5F091D9}.Debug|Any CPU.ActiveCfg = Debug|Any CPU
		{F18E65C6-76A0-4451-B3A2-81D4F5F091D9}.Debug|Any CPU.Build.0 = Debug|Any CPU
		{F18E65C6-76A0-4451-B3A2-81D4F5F091D9}.Release|Any CPU.ActiveCfg = Release|Any CPU
		{F18E65C6-76A0-4451-B3A2-81D4F5F091D9}.Release|Any CPU.Build.0 = Release|Any CPU
		{54EF1E48-BCC8-4EAA-95AE-946FA4DB293F}.Debug|Any CPU.ActiveCfg = Debug|Any CPU
		{54EF1E48-BCC8-4EAA-95AE-946FA4DB293F}.Debug|Any CPU.Build.0 = Debug|Any CPU
		{54EF1E48-BCC8-4EAA-95AE-946FA4DB293F}.Release|Any CPU.ActiveCfg = Release|Any CPU
		{54EF1E48-BCC8-4EAA-95AE-946FA4DB293F}.Release|Any CPU.Build.0 = Release|Any CPU
	EndGlobalSection
	GlobalSection(SolutionProperties) = preSolution
		HideSolutionNode = FALSE
	EndGlobalSection
	GlobalSection(NestedProjects) = preSolution
		{54EF1E48-BCC8-4EAA-95AE-946FA4DB293F} = {1DF7518B-3082-4D3F-88FC-2C2A60646AAF}
	EndGlobalSection
	GlobalSection(ExtensibilityGlobals) = postSolution
		SolutionGuid = {17D48ED0-7EB4-4A60-95A0-53D46EC9EF48}
	EndGlobalSection
EndGlobal
